
Microsoft Visual Studio Solution File, Format Version 12.00
# Visual Studio Version 17
VisualStudioVersion = 17.14.36623.8
MinimumVisualStudioVersion = 10.0.40219.1
Project("{FAE04EC0-301F-11D3-BF4B-00C04F79EFBC}") = "HmctsTasks", "HmctsTasksNet8\HmctsTasks.csproj", "{BD37D910-BD48-94C6-96EC-9C2A6823BA02}"
EndProject
Project("{FAE04EC0-301F-11D3-BF4B-00C04F79EFBC}") = "HmctsTasks.Tests", "HmctsTasks.Tests\HmctsTasks.Tests.csproj", "{95B741ED-4B2B-4D17-AEFC-1CAE8BE5B215}"
EndProject
Global
	GlobalSection(SolutionConfigurationPlatforms) = preSolution
		Debug|Any CPU = Debug|Any CPU
		Release|Any CPU = Release|Any CPU
	EndGlobalSection
	GlobalSection(ProjectConfigurationPlatforms) = postSolution
		{BD37D910-BD48-94C6-96EC-9C2A6823BA02}.Debug|Any CPU.ActiveCfg = Debug|Any CPU
		{BD37D910-BD48-94C6-96EC-9C2A6823BA02}.Debug|Any CPU.Build.0 = Debug|Any CPU
		{BD37D910-BD48-94C6-96EC-9C2A6823BA02}.Release|Any CPU.ActiveCfg = Release|Any CPU
		{BD37D910-BD48-94C6-96EC-9C2A6823BA02}.Release|Any CPU.Build.0 = Release|Any CPU
		{95B741ED-4B2B-4D17-AEFC-1CAE8BE5B215}.Debug|Any CPU.ActiveCfg = Debug|Any CPU
		{95B741ED-4B2B-4D17-AEFC-1CAE8BE5B215}.Debug|Any CPU.Build.0 = Debug|Any CPU
		{95B741ED-4B2B-4D17-AEFC-1CAE8BE5B215}.Release|Any CPU.ActiveCfg = Release|Any CPU
		{95B741ED-4B2B-4D17-AEFC-1CAE8BE5B215}.Release|Any CPU.Build.0 = Release|Any CPU
	EndGlobalSection
	GlobalSection(SolutionProperties) = preSolution
		HideSolutionNode = FALSE
	EndGlobalSection
	GlobalSection(ExtensibilityGlobals) = postSolution
		SolutionGuid = {E2EC8105-9BE4-46C9-9733-9F609D35DB2C}
	EndGlobalSection
EndGlobal
